
Microsoft Visual Studio Solution File, Format Version 12.00
# Visual Studio Version 17
VisualStudioVersion = 17.5.2.0
MinimumVisualStudioVersion = 10.0.40219.1

Project("{2150E333-8FDC-42A3-9474-1A3956D46DE8}") = "Src", "Src", "{827E0CD3-B72D-47B6-A68D-7590B98EB39B}"
EndProject
Project("{FAE04EC0-301F-11D3-BF4B-00C04F79EFBC}") = "Core", "Src\Core\Core.csproj", "{77ADD05B-5E64-4A64-9F56-34CB057AAC20}"
EndProject
Project("{FAE04EC0-301F-11D3-BF4B-00C04F79EFBC}") = "Application", "Src\Application\Application.csproj", "{A9649B91-07E1-4063-A77C-A1FD0B19783B}"
EndProject
Project("{FAE04EC0-301F-11D3-BF4B-00C04F79EFBC}") = "Infrastructure", "Src\Infrastructure\Infrastructure.csproj", "{0516AA15-A084-4FC2-AC14-CC1089C737CE}"
EndProject
Project("{FAE04EC0-301F-11D3-BF4B-00C04F79EFBC}") = "LearningLead.Api", "Src\Api\LearningLead.Api.csproj", "{9867D25C-6E23-40AA-986C-8F814C3376EA}"
EndProject
Global
	GlobalSection(SolutionConfigurationPlatforms) = preSolution
		Debug|Any CPU = Debug|Any CPU
		Debug|x64 = Debug|x64
		Debug|x86 = Debug|x86
		Release|Any CPU = Release|Any CPU
		Release|x64 = Release|x64
		Release|x86 = Release|x86
	EndGlobalSection
	GlobalSection(ProjectConfigurationPlatforms) = postSolution
		{72347D9F-51BE-4BDE-8694-BE485DE94E75}.Debug|Any CPU.ActiveCfg = Debug|Any CPU
		{72347D9F-51BE-4BDE-8694-BE485DE94E75}.Debug|Any CPU.Build.0 = Debug|Any CPU
		{72347D9F-51BE-4BDE-8694-BE485DE94E75}.Debug|x64.ActiveCfg = Debug|Any CPU
		{72347D9F-51BE-4BDE-8694-BE485DE94E75}.Debug|x64.Build.0 = Debug|Any CPU
		{72347D9F-51BE-4BDE-8694-BE485DE94E75}.Debug|x86.ActiveCfg = Debug|Any CPU
		{72347D9F-51BE-4BDE-8694-BE485DE94E75}.Debug|x86.Build.0 = Debug|Any CPU
		{72347D9F-51BE-4BDE-8694-BE485DE94E75}.Release|Any CPU.ActiveCfg = Release|Any CPU
		{72347D9F-51BE-4BDE-8694-BE485DE94E75}.Release|Any CPU.Build.0 = Release|Any CPU
		{72347D9F-51BE-4BDE-8694-BE485DE94E75}.Release|x64.ActiveCfg = Release|Any CPU
		{72347D9F-51BE-4BDE-8694-BE485DE94E75}.Release|x64.Build.0 = Release|Any CPU
		{72347D9F-51BE-4BDE-8694-BE485DE94E75}.Release|x86.ActiveCfg = Release|Any CPU
		{72347D9F-51BE-4BDE-8694-BE485DE94E75}.Release|x86.Build.0 = Release|Any CPU
		{77ADD05B-5E64-4A64-9F56-34CB057AAC20}.Debug|Any CPU.ActiveCfg = Debug|Any CPU
		{77ADD05B-5E64-4A64-9F56-34CB057AAC20}.Debug|Any CPU.Build.0 = Debug|Any CPU
		{77ADD05B-5E64-4A64-9F56-34CB057AAC20}.Debug|x64.ActiveCfg = Debug|Any CPU
		{77ADD05B-5E64-4A64-9F56-34CB057AAC20}.Debug|x64.Build.0 = Debug|Any CPU
		{77ADD05B-5E64-4A64-9F56-34CB057AAC20}.Debug|x86.ActiveCfg = Debug|Any CPU
		{77ADD05B-5E64-4A64-9F56-34CB057AAC20}.Debug|x86.Build.0 = Debug|Any CPU
		{77ADD05B-5E64-4A64-9F56-34CB057AAC20}.Release|Any CPU.ActiveCfg = Release|Any CPU
		{77ADD05B-5E64-4A64-9F56-34CB057AAC20}.Release|Any CPU.Build.0 = Release|Any CPU
		{77ADD05B-5E64-4A64-9F56-34CB057AAC20}.Release|x64.ActiveCfg = Release|Any CPU
		{77ADD05B-5E64-4A64-9F56-34CB057AAC20}.Release|x64.Build.0 = Release|Any CPU
		{77ADD05B-5E64-4A64-9F56-34CB057AAC20}.Release|x86.ActiveCfg = Release|Any CPU
		{77ADD05B-5E64-4A64-9F56-34CB057AAC20}.Release|x86.Build.0 = Release|Any CPU
		{A9649B91-07E1-4063-A77C-A1FD0B19783B}.Debug|Any CPU.ActiveCfg = Debug|Any CPU
		{A9649B91-07E1-4063-A77C-A1FD0B19783B}.Debug|Any CPU.Build.0 = Debug|Any CPU
		{A9649B91-07E1-4063-A77C-A1FD0B19783B}.Debug|x64.ActiveCfg = Debug|Any CPU
		{A9649B91-07E1-4063-A77C-A1FD0B19783B}.Debug|x64.Build.0 = Debug|Any CPU
		{A9649B91-07E1-4063-A77C-A1FD0B19783B}.Debug|x86.ActiveCfg = Debug|Any CPU
		{A9649B91-07E1-4063-A77C-A1FD0B19783B}.Debug|x86.Build.0 = Debug|Any CPU
		{A9649B91-07E1-4063-A77C-A1FD0B19783B}.Release|Any CPU.ActiveCfg = Release|Any CPU
		{A9649B91-07E1-4063-A77C-A1FD0B19783B}.Release|Any CPU.Build.0 = Release|Any CPU
		{A9649B91-07E1-4063-A77C-A1FD0B19783B}.Release|x64.ActiveCfg = Release|Any CPU
		{A9649B91-07E1-4063-A77C-A1FD0B19783B}.Release|x64.Build.0 = Release|Any CPU
		{A9649B91-07E1-4063-A77C-A1FD0B19783B}.Release|x86.ActiveCfg = Release|Any CPU
		{A9649B91-07E1-4063-A77C-A1FD0B19783B}.Release|x86.Build.0 = Release|Any CPU
		{0516AA15-A084-4FC2-AC14-CC1089C737CE}.Debug|Any CPU.ActiveCfg = Debug|Any CPU
		{0516AA15-A084-4FC2-AC14-CC1089C737CE}.Debug|Any CPU.Build.0 = Debug|Any CPU
		{0516AA15-A084-4FC2-AC14-CC1089C737CE}.Debug|x64.ActiveCfg = Debug|Any CPU
		{0516AA15-A084-4FC2-AC14-CC1089C737CE}.Debug|x64.Build.0 = Debug|Any CPU
		{0516AA15-A084-4FC2-AC14-CC1089C737CE}.Debug|x86.ActiveCfg = Debug|Any CPU
		{0516AA15-A084-4FC2-AC14-CC1089C737CE}.Debug|x86.Build.0 = Debug|Any CPU
		{0516AA15-A084-4FC2-AC14-CC1089C737CE}.Release|Any CPU.ActiveCfg = Release|Any CPU
		{0516AA15-A084-4FC2-AC14-CC1089C737CE}.Release|Any CPU.Build.0 = Release|Any CPU
		{0516AA15-A084-4FC2-AC14-CC1089C737CE}.Release|x64.ActiveCfg = Release|Any CPU
		{0516AA15-A084-4FC2-AC14-CC1089C737CE}.Release|x64.Build.0 = Release|Any CPU
		{0516AA15-A084-4FC2-AC14-CC1089C737CE}.Release|x86.ActiveCfg = Release|Any CPU
		{0516AA15-A084-4FC2-AC14-CC1089C737CE}.Release|x86.Build.0 = Release|Any CPU
		{9867D25C-6E23-40AA-986C-8F814C3376EA}.Debug|Any CPU.ActiveCfg = Debug|Any CPU
		{9867D25C-6E23-40AA-986C-8F814C3376EA}.Debug|Any CPU.Build.0 = Debug|Any CPU
		{9867D25C-6E23-40AA-986C-8F814C3376EA}.Debug|x64.ActiveCfg = Debug|Any CPU
		{9867D25C-6E23-40AA-986C-8F814C3376EA}.Debug|x64.Build.0 = Debug|Any CPU
		{9867D25C-6E23-40AA-986C-8F814C3376EA}.Debug|x86.ActiveCfg = Debug|Any CPU
		{9867D25C-6E23-40AA-986C-8F814C3376EA}.Debug|x86.Build.0 = Debug|Any CPU
		{9867D25C-6E23-40AA-986C-8F814C3376EA}.Release|Any CPU.ActiveCfg = Release|Any CPU
		{9867D25C-6E23-40AA-986C-8F814C3376EA}.Release|Any CPU.Build.0 = Release|Any CPU
		{9867D25C-6E23-40AA-986C-8F814C3376EA}.Release|x64.ActiveCfg = Release|Any CPU
		{9867D25C-6E23-40AA-986C-8F814C3376EA}.Release|x64.Build.0 = Release|Any CPU
		{9867D25C-6E23-40AA-986C-8F814C3376EA}.Release|x86.ActiveCfg = Release|Any CPU
		{9867D25C-6E23-40AA-986C-8F814C3376EA}.Release|x86.Build.0 = Release|Any CPU
	EndGlobalSection
	GlobalSection(SolutionProperties) = preSolution
		HideSolutionNode = FALSE
	EndGlobalSection
	GlobalSection(NestedProjects) = preSolution
		{77ADD05B-5E64-4A64-9F56-34CB057AAC20} = {827E0CD3-B72D-47B6-A68D-7590B98EB39B}
		{A9649B91-07E1-4063-A77C-A1FD0B19783B} = {827E0CD3-B72D-47B6-A68D-7590B98EB39B}
		{0516AA15-A084-4FC2-AC14-CC1089C737CE} = {827E0CD3-B72D-47B6-A68D-7590B98EB39B}
	EndGlobalSection
	GlobalSection(ExtensibilityGlobals) = postSolution
		SolutionGuid = {53959A5F-E373-412D-9F6F-AE8075FAFF2C}
	EndGlobalSection
EndGlobal
