
Microsoft Visual Studio Solution File, Format Version 12.00
# Visual Studio Version 17
VisualStudioVersion = 17.5.2.0
MinimumVisualStudioVersion = 10.0.40219.1
Project("{2150E333-8FDC-42A3-9474-1A3956D46DE8}") = "Src", "Src", "{827E0CD3-B72D-47B6-A68D-7590B98EB39B}"
EndProject
Project("{FAE04EC0-301F-11D3-BF4B-00C04F79EFBC}") = "Core", "Src\Core\Core.csproj", "{77ADD05B-5E64-4A64-9F56-34CB057AAC20}"
EndProject
Project("{FAE04EC0-301F-11D3-BF4B-00C04F79EFBC}") = "Application", "Src\Application\Application.csproj", "{A9649B91-07E1-4063-A77C-A1FD0B19783B}"
EndProject
Project("{FAE04EC0-301F-11D3-BF4B-00C04F79EFBC}") = "Infrastructure", "Src\Infrastructure\Infrastructure.csproj", "{0516AA15-A084-4FC2-AC14-CC1089C737CE}"
EndProject
Project("{FAE04EC0-301F-11D3-BF4B-00C04F79EFBC}") = "LearningLead.Api", "Src\Api\LearningLead.Api.csproj", "{9867D25C-6E23-40AA-986C-8F814C3376EA}"
EndProject
Project("{2150E333-8FDC-42A3-9474-1A3956D46DE8}") = "tests", "tests", "{CEA09484-30F6-4D44-02F6-822E06DBC57C}"
EndProject
Project("{FAE04EC0-301F-11D3-BF4B-00C04F79EFBC}") = "Application.Tests", "Src\tests\Application.Tests\Application.Tests.csproj", "{EC4A9F34-3103-4FD5-BC1D-1D66996FD95D}"
EndProject
Project("{FAE04EC0-301F-11D3-BF4B-00C04F79EFBC}") = "Infrastructure.Tests", "Src\tests\Infrastructure.Tests\Infrastructure.Tests.csproj", "{A4455976-8AEF-471E-8F58-4B2A4F3EE0ED}"
EndProject
Project("{FAE04EC0-301F-11D3-BF4B-00C04F79EFBC}") = "Api.IntegrationTests", "Src\tests\Api.IntegrationTests\Api.IntegrationTests.csproj", "{065F4853-2B4D-40A1-9E01-4C2C20193B20}"
EndProject
Project("{FAE04EC0-301F-11D3-BF4B-00C04F79EFBC}") = "Core.Tests", "Src\tests\Core.Tests\Core.Tests.csproj", "{73383286-ED27-4BCE-B3F0-053820F5829A}"
EndProject
Global
	GlobalSection(SolutionConfigurationPlatforms) = preSolution
		Debug|Any CPU = Debug|Any CPU
		Debug|x64 = Debug|x64
		Debug|x86 = Debug|x86
		Release|Any CPU = Release|Any CPU
		Release|x64 = Release|x64
		Release|x86 = Release|x86
	EndGlobalSection
	GlobalSection(ProjectConfigurationPlatforms) = postSolution
		{77ADD05B-5E64-4A64-9F56-34CB057AAC20}.Debug|Any CPU.ActiveCfg = Debug|Any CPU
		{77ADD05B-5E64-4A64-9F56-34CB057AAC20}.Debug|Any CPU.Build.0 = Debug|Any CPU
		{77ADD05B-5E64-4A64-9F56-34CB057AAC20}.Debug|x64.ActiveCfg = Debug|Any CPU
		{77ADD05B-5E64-4A64-9F56-34CB057AAC20}.Debug|x64.Build.0 = Debug|Any CPU
		{77ADD05B-5E64-4A64-9F56-34CB057AAC20}.Debug|x86.ActiveCfg = Debug|Any CPU
		{77ADD05B-5E64-4A64-9F56-34CB057AAC20}.Debug|x86.Build.0 = Debug|Any CPU
		{77ADD05B-5E64-4A64-9F56-34CB057AAC20}.Release|Any CPU.ActiveCfg = Release|Any CPU
		{77ADD05B-5E64-4A64-9F56-34CB057AAC20}.Release|Any CPU.Build.0 = Release|Any CPU
		{77ADD05B-5E64-4A64-9F56-34CB057AAC20}.Release|x64.ActiveCfg = Release|Any CPU
		{77ADD05B-5E64-4A64-9F56-34CB057AAC20}.Release|x64.Build.0 = Release|Any CPU
		{77ADD05B-5E64-4A64-9F56-34CB057AAC20}.Release|x86.ActiveCfg = Release|Any CPU
		{77ADD05B-5E64-4A64-9F56-34CB057AAC20}.Release|x86.Build.0 = Release|Any CPU
		{A9649B91-07E1-4063-A77C-A1FD0B19783B}.Debug|Any CPU.ActiveCfg = Debug|Any CPU
		{A9649B91-07E1-4063-A77C-A1FD0B19783B}.Debug|Any CPU.Build.0 = Debug|Any CPU
		{A9649B91-07E1-4063-A77C-A1FD0B19783B}.Debug|x64.ActiveCfg = Debug|Any CPU
		{A9649B91-07E1-4063-A77C-A1FD0B19783B}.Debug|x64.Build.0 = Debug|Any CPU
		{A9649B91-07E1-4063-A77C-A1FD0B19783B}.Debug|x86.ActiveCfg = Debug|Any CPU
		{A9649B91-07E1-4063-A77C-A1FD0B19783B}.Debug|x86.Build.0 = Debug|Any CPU
		{A9649B91-07E1-4063-A77C-A1FD0B19783B}.Release|Any CPU.ActiveCfg = Release|Any CPU
		{A9649B91-07E1-4063-A77C-A1FD0B19783B}.Release|Any CPU.Build.0 = Release|Any CPU
		{A9649B91-07E1-4063-A77C-A1FD0B19783B}.Release|x64.ActiveCfg = Release|Any CPU
		{A9649B91-07E1-4063-A77C-A1FD0B19783B}.Release|x64.Build.0 = Release|Any CPU
		{A9649B91-07E1-4063-A77C-A1FD0B19783B}.Release|x86.ActiveCfg = Release|Any CPU
		{A9649B91-07E1-4063-A77C-A1FD0B19783B}.Release|x86.Build.0 = Release|Any CPU
		{0516AA15-A084-4FC2-AC14-CC1089C737CE}.Debug|Any CPU.ActiveCfg = Debug|Any CPU
		{0516AA15-A084-4FC2-AC14-CC1089C737CE}.Debug|Any CPU.Build.0 = Debug|Any CPU
		{0516AA15-A084-4FC2-AC14-CC1089C737CE}.Debug|x64.ActiveCfg = Debug|Any CPU
		{0516AA15-A084-4FC2-AC14-CC1089C737CE}.Debug|x64.Build.0 = Debug|Any CPU
		{0516AA15-A084-4FC2-AC14-CC1089C737CE}.Debug|x86.ActiveCfg = Debug|Any CPU
		{0516AA15-A084-4FC2-AC14-CC1089C737CE}.Debug|x86.Build.0 = Debug|Any CPU
		{0516AA15-A084-4FC2-AC14-CC1089C737CE}.Release|Any CPU.ActiveCfg = Release|Any CPU
		{0516AA15-A084-4FC2-AC14-CC1089C737CE}.Release|Any CPU.Build.0 = Release|Any CPU
		{0516AA15-A084-4FC2-AC14-CC1089C737CE}.Release|x64.ActiveCfg = Release|Any CPU
		{0516AA15-A084-4FC2-AC14-CC1089C737CE}.Release|x64.Build.0 = Release|Any CPU
		{0516AA15-A084-4FC2-AC14-CC1089C737CE}.Release|x86.ActiveCfg = Release|Any CPU
		{0516AA15-A084-4FC2-AC14-CC1089C737CE}.Release|x86.Build.0 = Release|Any CPU
		{9867D25C-6E23-40AA-986C-8F814C3376EA}.Debug|Any CPU.ActiveCfg = Debug|Any CPU
		{9867D25C-6E23-40AA-986C-8F814C3376EA}.Debug|Any CPU.Build.0 = Debug|Any CPU
		{9867D25C-6E23-40AA-986C-8F814C3376EA}.Debug|x64.ActiveCfg = Debug|Any CPU
		{9867D25C-6E23-40AA-986C-8F814C3376EA}.Debug|x64.Build.0 = Debug|Any CPU
		{9867D25C-6E23-40AA-986C-8F814C3376EA}.Debug|x86.ActiveCfg = Debug|Any CPU
		{9867D25C-6E23-40AA-986C-8F814C3376EA}.Debug|x86.Build.0 = Debug|Any CPU
		{9867D25C-6E23-40AA-986C-8F814C3376EA}.Release|Any CPU.ActiveCfg = Release|Any CPU
		{9867D25C-6E23-40AA-986C-8F814C3376EA}.Release|Any CPU.Build.0 = Release|Any CPU
		{9867D25C-6E23-40AA-986C-8F814C3376EA}.Release|x64.ActiveCfg = Release|Any CPU
		{9867D25C-6E23-40AA-986C-8F814C3376EA}.Release|x64.Build.0 = Release|Any CPU
		{9867D25C-6E23-40AA-986C-8F814C3376EA}.Release|x86.ActiveCfg = Release|Any CPU
		{9867D25C-6E23-40AA-986C-8F814C3376EA}.Release|x86.Build.0 = Release|Any CPU
		{EC4A9F34-3103-4FD5-BC1D-1D66996FD95D}.Debug|Any CPU.ActiveCfg = Debug|Any CPU
		{EC4A9F34-3103-4FD5-BC1D-1D66996FD95D}.Debug|Any CPU.Build.0 = Debug|Any CPU
		{EC4A9F34-3103-4FD5-BC1D-1D66996FD95D}.Debug|x64.ActiveCfg = Debug|Any CPU
		{EC4A9F34-3103-4FD5-BC1D-1D66996FD95D}.Debug|x64.Build.0 = Debug|Any CPU
		{EC4A9F34-3103-4FD5-BC1D-1D66996FD95D}.Debug|x86.ActiveCfg = Debug|Any CPU
		{EC4A9F34-3103-4FD5-BC1D-1D66996FD95D}.Debug|x86.Build.0 = Debug|Any CPU
		{EC4A9F34-3103-4FD5-BC1D-1D66996FD95D}.Release|Any CPU.ActiveCfg = Release|Any CPU
		{EC4A9F34-3103-4FD5-BC1D-1D66996FD95D}.Release|Any CPU.Build.0 = Release|Any CPU
		{EC4A9F34-3103-4FD5-BC1D-1D66996FD95D}.Release|x64.ActiveCfg = Release|Any CPU
		{EC4A9F34-3103-4FD5-BC1D-1D66996FD95D}.Release|x64.Build.0 = Release|Any CPU
		{EC4A9F34-3103-4FD5-BC1D-1D66996FD95D}.Release|x86.ActiveCfg = Release|Any CPU
		{EC4A9F34-3103-4FD5-BC1D-1D66996FD95D}.Release|x86.Build.0 = Release|Any CPU
		{A4455976-8AEF-471E-8F58-4B2A4F3EE0ED}.Debug|Any CPU.ActiveCfg = Debug|Any CPU
		{A4455976-8AEF-471E-8F58-4B2A4F3EE0ED}.Debug|Any CPU.Build.0 = Debug|Any CPU
		{A4455976-8AEF-471E-8F58-4B2A4F3EE0ED}.Debug|x64.ActiveCfg = Debug|Any CPU
		{A4455976-8AEF-471E-8F58-4B2A4F3EE0ED}.Debug|x64.Build.0 = Debug|Any CPU
		{A4455976-8AEF-471E-8F58-4B2A4F3EE0ED}.Debug|x86.ActiveCfg = Debug|Any CPU
		{A4455976-8AEF-471E-8F58-4B2A4F3EE0ED}.Debug|x86.Build.0 = Debug|Any CPU
		{A4455976-8AEF-471E-8F58-4B2A4F3EE0ED}.Release|Any CPU.ActiveCfg = Release|Any CPU
		{A4455976-8AEF-471E-8F58-4B2A4F3EE0ED}.Release|Any CPU.Build.0 = Release|Any CPU
		{A4455976-8AEF-471E-8F58-4B2A4F3EE0ED}.Release|x64.ActiveCfg = Release|Any CPU
		{A4455976-8AEF-471E-8F58-4B2A4F3EE0ED}.Release|x64.Build.0 = Release|Any CPU
		{A4455976-8AEF-471E-8F58-4B2A4F3EE0ED}.Release|x86.ActiveCfg = Release|Any CPU
		{A4455976-8AEF-471E-8F58-4B2A4F3EE0ED}.Release|x86.Build.0 = Release|Any CPU
		{065F4853-2B4D-40A1-9E01-4C2C20193B20}.Debug|Any CPU.ActiveCfg = Debug|Any CPU
		{065F4853-2B4D-40A1-9E01-4C2C20193B20}.Debug|Any CPU.Build.0 = Debug|Any CPU
		{065F4853-2B4D-40A1-9E01-4C2C20193B20}.Debug|x64.ActiveCfg = Debug|Any CPU
		{065F4853-2B4D-40A1-9E01-4C2C20193B20}.Debug|x64.Build.0 = Debug|Any CPU
		{065F4853-2B4D-40A1-9E01-4C2C20193B20}.Debug|x86.ActiveCfg = Debug|Any CPU
		{065F4853-2B4D-40A1-9E01-4C2C20193B20}.Debug|x86.Build.0 = Debug|Any CPU
		{065F4853-2B4D-40A1-9E01-4C2C20193B20}.Release|Any CPU.ActiveCfg = Release|Any CPU
		{065F4853-2B4D-40A1-9E01-4C2C20193B20}.Release|Any CPU.Build.0 = Release|Any CPU
		{065F4853-2B4D-40A1-9E01-4C2C20193B20}.Release|x64.ActiveCfg = Release|Any CPU
		{065F4853-2B4D-40A1-9E01-4C2C20193B20}.Release|x64.Build.0 = Release|Any CPU
		{065F4853-2B4D-40A1-9E01-4C2C20193B20}.Release|x86.ActiveCfg = Release|Any CPU
		{065F4853-2B4D-40A1-9E01-4C2C20193B20}.Release|x86.Build.0 = Release|Any CPU
		{73383286-ED27-4BCE-B3F0-053820F5829A}.Debug|Any CPU.ActiveCfg = Debug|Any CPU
		{73383286-ED27-4BCE-B3F0-053820F5829A}.Debug|Any CPU.Build.0 = Debug|Any CPU
		{73383286-ED27-4BCE-B3F0-053820F5829A}.Debug|x64.ActiveCfg = Debug|Any CPU
		{73383286-ED27-4BCE-B3F0-053820F5829A}.Debug|x64.Build.0 = Debug|Any CPU
		{73383286-ED27-4BCE-B3F0-053820F5829A}.Debug|x86.ActiveCfg = Debug|Any CPU
		{73383286-ED27-4BCE-B3F0-053820F5829A}.Debug|x86.Build.0 = Debug|Any CPU
		{73383286-ED27-4BCE-B3F0-053820F5829A}.Release|Any CPU.ActiveCfg = Release|Any CPU
		{73383286-ED27-4BCE-B3F0-053820F5829A}.Release|Any CPU.Build.0 = Release|Any CPU
		{73383286-ED27-4BCE-B3F0-053820F5829A}.Release|x64.ActiveCfg = Release|Any CPU
		{73383286-ED27-4BCE-B3F0-053820F5829A}.Release|x64.Build.0 = Release|Any CPU
		{73383286-ED27-4BCE-B3F0-053820F5829A}.Release|x86.ActiveCfg = Release|Any CPU
		{73383286-ED27-4BCE-B3F0-053820F5829A}.Release|x86.Build.0 = Release|Any CPU
	EndGlobalSection
	GlobalSection(SolutionProperties) = preSolution
		HideSolutionNode = FALSE
	EndGlobalSection
	GlobalSection(NestedProjects) = preSolution
		{77ADD05B-5E64-4A64-9F56-34CB057AAC20} = {827E0CD3-B72D-47B6-A68D-7590B98EB39B}
		{A9649B91-07E1-4063-A77C-A1FD0B19783B} = {827E0CD3-B72D-47B6-A68D-7590B98EB39B}
		{0516AA15-A084-4FC2-AC14-CC1089C737CE} = {827E0CD3-B72D-47B6-A68D-7590B98EB39B}
		{CEA09484-30F6-4D44-02F6-822E06DBC57C} = {827E0CD3-B72D-47B6-A68D-7590B98EB39B}
		{EC4A9F34-3103-4FD5-BC1D-1D66996FD95D} = {CEA09484-30F6-4D44-02F6-822E06DBC57C}
		{A4455976-8AEF-471E-8F58-4B2A4F3EE0ED} = {CEA09484-30F6-4D44-02F6-822E06DBC57C}
		{065F4853-2B4D-40A1-9E01-4C2C20193B20} = {CEA09484-30F6-4D44-02F6-822E06DBC57C}
		{73383286-ED27-4BCE-B3F0-053820F5829A} = {CEA09484-30F6-4D44-02F6-822E06DBC57C}
	EndGlobalSection
	GlobalSection(ExtensibilityGlobals) = postSolution
		SolutionGuid = {53959A5F-E373-412D-9F6F-AE8075FAFF2C}
	EndGlobalSection
EndGlobal
